
Microsoft Visual Studio Solution File, Format Version 12.00
# Visual Studio Version 16
VisualStudioVersion = 16.0.36422.26
MinimumVisualStudioVersion = 10.0.40219.1
Project("{FAE04EC0-301F-11D3-BF4B-00C04F79EFBC}") = "Negocio", "Negocio\Negocio.csproj", "{5B72AC46-1BE3-4CE5-A021-B72CC4F13D84}"
EndProject
Project("{FAE04EC0-301F-11D3-BF4B-00C04F79EFBC}") = "TRABAJO", "TRABAJO\TRABAJO.csproj", "{4A36F07C-1784-46FC-A54C-79626CC0D3AF}"
EndProject
Global
	GlobalSection(SolutionConfigurationPlatforms) = preSolution
		Debug|Any CPU = Debug|Any CPU
		Release|Any CPU = Release|Any CPU
	EndGlobalSection
	GlobalSection(ProjectConfigurationPlatforms) = postSolution
		{5B72AC46-1BE3-4CE5-A021-B72CC4F13D84}.Debug|Any CPU.ActiveCfg = Debug|Any CPU
		{5B72AC46-1BE3-4CE5-A021-B72CC4F13D84}.Debug|Any CPU.Build.0 = Debug|Any CPU
		{5B72AC46-1BE3-4CE5-A021-B72CC4F13D84}.Release|Any CPU.ActiveCfg = Release|Any CPU
		{5B72AC46-1BE3-4CE5-A021-B72CC4F13D84}.Release|Any CPU.Build.0 = Release|Any CPU
		{4A36F07C-1784-46FC-A54C-79626CC0D3AF}.Debug|Any CPU.ActiveCfg = Debug|Any CPU
		{4A36F07C-1784-46FC-A54C-79626CC0D3AF}.Debug|Any CPU.Build.0 = Debug|Any CPU
		{4A36F07C-1784-46FC-A54C-79626CC0D3AF}.Release|Any CPU.ActiveCfg = Release|Any CPU
		{4A36F07C-1784-46FC-A54C-79626CC0D3AF}.Release|Any CPU.Build.0 = Release|Any CPU
	EndGlobalSection
	GlobalSection(SolutionProperties) = preSolution
		HideSolutionNode = FALSE
	EndGlobalSection
	GlobalSection(ExtensibilityGlobals) = postSolution
		SolutionGuid = {45C53FD4-DB10-4182-BEA1-DB70C8973207}
	EndGlobalSection
EndGlobal
